
Microsoft Visual Studio Solution File, Format Version 12.00
# TcXaeShell Solution File, Format Version 11.00
VisualStudioVersion = 15.0.34829.251
MinimumVisualStudioVersion = 10.0.40219.1
Project("{B1E792BE-AA5F-4E3C-8C82-674BF9C0715B}") = "TwinCAT TF1800 EventLogger", "TwinCAT TF1800 EventLogger\TwinCAT TF1800 EventLogger.tsproj", "{4CE502ED-B3C9-4DE0-A4DB-D18AAF28CDE3}"
EndProject
Global
	GlobalSection(SolutionConfigurationPlatforms) = preSolution
		Debug|TwinCAT OS (ARMV7-A) = Debug|TwinCAT OS (ARMV7-A)
		Debug|TwinCAT OS (ARMV7-M) = Debug|TwinCAT OS (ARMV7-M)
		Debug|TwinCAT OS (ARMV8-A) = Debug|TwinCAT OS (ARMV8-A)
		Debug|TwinCAT OS (x64) = Debug|TwinCAT OS (x64)
		Debug|TwinCAT OS (x64-E) = Debug|TwinCAT OS (x64-E)
		Debug|TwinCAT RT (x64) = Debug|TwinCAT RT (x64)
		Debug|TwinCAT RT (x86) = Debug|TwinCAT RT (x86)
		Release|TwinCAT OS (ARMV7-A) = Release|TwinCAT OS (ARMV7-A)
		Release|TwinCAT OS (ARMV7-M) = Release|TwinCAT OS (ARMV7-M)
		Release|TwinCAT OS (ARMV8-A) = Release|TwinCAT OS (ARMV8-A)
		Release|TwinCAT OS (x64) = Release|TwinCAT OS (x64)
		Release|TwinCAT OS (x64-E) = Release|TwinCAT OS (x64-E)
		Release|TwinCAT RT (x64) = Release|TwinCAT RT (x64)
		Release|TwinCAT RT (x86) = Release|TwinCAT RT (x86)
	EndGlobalSection
	GlobalSection(ProjectConfigurationPlatforms) = postSolution
		{4CE502ED-B3C9-4DE0-A4DB-D18AAF28CDE3}.Debug|TwinCAT OS (ARMV7-A).ActiveCfg = Debug|TwinCAT OS (ARMV7-A)
		{4CE502ED-B3C9-4DE0-A4DB-D18AAF28CDE3}.Debug|TwinCAT OS (ARMV7-A).Build.0 = Debug|TwinCAT OS (ARMV7-A)
		{4CE502ED-B3C9-4DE0-A4DB-D18AAF28CDE3}.Debug|TwinCAT OS (ARMV7-M).ActiveCfg = Debug|TwinCAT OS (ARMV7-M)
		{4CE502ED-B3C9-4DE0-A4DB-D18AAF28CDE3}.Debug|TwinCAT OS (ARMV7-M).Build.0 = Debug|TwinCAT OS (ARMV7-M)
		{4CE502ED-B3C9-4DE0-A4DB-D18AAF28CDE3}.Debug|TwinCAT OS (ARMV8-A).ActiveCfg = Debug|TwinCAT OS (ARMV8-A)
		{4CE502ED-B3C9-4DE0-A4DB-D18AAF28CDE3}.Debug|TwinCAT OS (ARMV8-A).Build.0 = Debug|TwinCAT OS (ARMV8-A)
		{4CE502ED-B3C9-4DE0-A4DB-D18AAF28CDE3}.Debug|TwinCAT OS (x64).ActiveCfg = Debug|TwinCAT OS (x64)
		{4CE502ED-B3C9-4DE0-A4DB-D18AAF28CDE3}.Debug|TwinCAT OS (x64).Build.0 = Debug|TwinCAT OS (x64)
		{4CE502ED-B3C9-4DE0-A4DB-D18AAF28CDE3}.Debug|TwinCAT OS (x64-E).ActiveCfg = Debug|TwinCAT OS (x64-E)
		{4CE502ED-B3C9-4DE0-A4DB-D18AAF28CDE3}.Debug|TwinCAT OS (x64-E).Build.0 = Debug|TwinCAT OS (x64-E)
		{4CE502ED-B3C9-4DE0-A4DB-D18AAF28CDE3}.Debug|TwinCAT RT (x64).ActiveCfg = Debug|TwinCAT RT (x64)
		{4CE502ED-B3C9-4DE0-A4DB-D18AAF28CDE3}.Debug|TwinCAT RT (x64).Build.0 = Debug|TwinCAT RT (x64)
		{4CE502ED-B3C9-4DE0-A4DB-D18AAF28CDE3}.Debug|TwinCAT RT (x86).ActiveCfg = Debug|TwinCAT RT (x86)
		{4CE502ED-B3C9-4DE0-A4DB-D18AAF28CDE3}.Debug|TwinCAT RT (x86).Build.0 = Debug|TwinCAT RT (x86)
		{4CE502ED-B3C9-4DE0-A4DB-D18AAF28CDE3}.Release|TwinCAT OS (ARMV7-A).ActiveCfg = Release|TwinCAT OS (ARMV7-A)
		{4CE502ED-B3C9-4DE0-A4DB-D18AAF28CDE3}.Release|TwinCAT OS (ARMV7-A).Build.0 = Release|TwinCAT OS (ARMV7-A)
		{4CE502ED-B3C9-4DE0-A4DB-D18AAF28CDE3}.Release|TwinCAT OS (ARMV7-M).ActiveCfg = Release|TwinCAT OS (ARMV7-M)
		{4CE502ED-B3C9-4DE0-A4DB-D18AAF28CDE3}.Release|TwinCAT OS (ARMV7-M).Build.0 = Release|TwinCAT OS (ARMV7-M)
		{4CE502ED-B3C9-4DE0-A4DB-D18AAF28CDE3}.Release|TwinCAT OS (ARMV8-A).ActiveCfg = Release|TwinCAT OS (ARMV8-A)
		{4CE502ED-B3C9-4DE0-A4DB-D18AAF28CDE3}.Release|TwinCAT OS (ARMV8-A).Build.0 = Release|TwinCAT OS (ARMV8-A)
		{4CE502ED-B3C9-4DE0-A4DB-D18AAF28CDE3}.Release|TwinCAT OS (x64).ActiveCfg = Release|TwinCAT OS (x64)
		{4CE502ED-B3C9-4DE0-A4DB-D18AAF28CDE3}.Release|TwinCAT OS (x64).Build.0 = Release|TwinCAT OS (x64)
		{4CE502ED-B3C9-4DE0-A4DB-D18AAF28CDE3}.Release|TwinCAT OS (x64-E).ActiveCfg = Release|TwinCAT OS (x64-E)
		{4CE502ED-B3C9-4DE0-A4DB-D18AAF28CDE3}.Release|TwinCAT OS (x64-E).Build.0 = Release|TwinCAT OS (x64-E)
		{4CE502ED-B3C9-4DE0-A4DB-D18AAF28CDE3}.Release|TwinCAT RT (x64).ActiveCfg = Release|TwinCAT RT (x64)
		{4CE502ED-B3C9-4DE0-A4DB-D18AAF28CDE3}.Release|TwinCAT RT (x64).Build.0 = Release|TwinCAT RT (x64)
		{4CE502ED-B3C9-4DE0-A4DB-D18AAF28CDE3}.Release|TwinCAT RT (x86).ActiveCfg = Release|TwinCAT RT (x86)
		{4CE502ED-B3C9-4DE0-A4DB-D18AAF28CDE3}.Release|TwinCAT RT (x86).Build.0 = Release|TwinCAT RT (x86)
		{81D02545-4A25-4D69-AC35-52FA7873E322}.Debug|TwinCAT OS (ARMV7-A).ActiveCfg = Debug|TwinCAT OS (ARMV7-A)
		{81D02545-4A25-4D69-AC35-52FA7873E322}.Debug|TwinCAT OS (ARMV7-A).Build.0 = Debug|TwinCAT OS (ARMV7-A)
		{81D02545-4A25-4D69-AC35-52FA7873E322}.Debug|TwinCAT OS (ARMV7-M).ActiveCfg = Debug|TwinCAT OS (ARMV7-M)
		{81D02545-4A25-4D69-AC35-52FA7873E322}.Debug|TwinCAT OS (ARMV7-M).Build.0 = Debug|TwinCAT OS (ARMV7-M)
		{81D02545-4A25-4D69-AC35-52FA7873E322}.Debug|TwinCAT OS (ARMV8-A).ActiveCfg = Debug|TwinCAT OS (ARMV8-A)
		{81D02545-4A25-4D69-AC35-52FA7873E322}.Debug|TwinCAT OS (ARMV8-A).Build.0 = Debug|TwinCAT OS (ARMV8-A)
		{81D02545-4A25-4D69-AC35-52FA7873E322}.Debug|TwinCAT OS (x64).ActiveCfg = Debug|TwinCAT OS (x64)
		{81D02545-4A25-4D69-AC35-52FA7873E322}.Debug|TwinCAT OS (x64).Build.0 = Debug|TwinCAT OS (x64)
		{81D02545-4A25-4D69-AC35-52FA7873E322}.Debug|TwinCAT OS (x64-E).ActiveCfg = Debug|TwinCAT OS (x64-E)
		{81D02545-4A25-4D69-AC35-52FA7873E322}.Debug|TwinCAT OS (x64-E).Build.0 = Debug|TwinCAT OS (x64-E)
		{81D02545-4A25-4D69-AC35-52FA7873E322}.Debug|TwinCAT RT (x64).ActiveCfg = Debug|TwinCAT RT (x64)
		{81D02545-4A25-4D69-AC35-52FA7873E322}.Debug|TwinCAT RT (x64).Build.0 = Debug|TwinCAT RT (x64)
		{81D02545-4A25-4D69-AC35-52FA7873E322}.Debug|TwinCAT RT (x86).ActiveCfg = Debug|TwinCAT RT (x86)
		{81D02545-4A25-4D69-AC35-52FA7873E322}.Debug|TwinCAT RT (x86).Build.0 = Debug|TwinCAT RT (x86)
		{81D02545-4A25-4D69-AC35-52FA7873E322}.Release|TwinCAT OS (ARMV7-A).ActiveCfg = Release|TwinCAT OS (ARMV7-A)
		{81D02545-4A25-4D69-AC35-52FA7873E322}.Release|TwinCAT OS (ARMV7-A).Build.0 = Release|TwinCAT OS (ARMV7-A)
		{81D02545-4A25-4D69-AC35-52FA7873E322}.Release|TwinCAT OS (ARMV7-M).ActiveCfg = Release|TwinCAT OS (ARMV7-M)
		{81D02545-4A25-4D69-AC35-52FA7873E322}.Release|TwinCAT OS (ARMV7-M).Build.0 = Release|TwinCAT OS (ARMV7-M)
		{81D02545-4A25-4D69-AC35-52FA7873E322}.Release|TwinCAT OS (ARMV8-A).ActiveCfg = Release|TwinCAT OS (ARMV8-A)
		{81D02545-4A25-4D69-AC35-52FA7873E322}.Release|TwinCAT OS (ARMV8-A).Build.0 = Release|TwinCAT OS (ARMV8-A)
		{81D02545-4A25-4D69-AC35-52FA7873E322}.Release|TwinCAT OS (x64).ActiveCfg = Release|TwinCAT OS (x64)
		{81D02545-4A25-4D69-AC35-52FA7873E322}.Release|TwinCAT OS (x64).Build.0 = Release|TwinCAT OS (x64)
		{81D02545-4A25-4D69-AC35-52FA7873E322}.Release|TwinCAT OS (x64-E).ActiveCfg = Release|TwinCAT OS (x64-E)
		{81D02545-4A25-4D69-AC35-52FA7873E322}.Release|TwinCAT OS (x64-E).Build.0 = Release|TwinCAT OS (x64-E)
		{81D02545-4A25-4D69-AC35-52FA7873E322}.Release|TwinCAT RT (x64).ActiveCfg = Release|TwinCAT RT (x64)
		{81D02545-4A25-4D69-AC35-52FA7873E322}.Release|TwinCAT RT (x64).Build.0 = Release|TwinCAT RT (x64)
		{81D02545-4A25-4D69-AC35-52FA7873E322}.Release|TwinCAT RT (x86).ActiveCfg = Release|TwinCAT RT (x86)
		{81D02545-4A25-4D69-AC35-52FA7873E322}.Release|TwinCAT RT (x86).Build.0 = Release|TwinCAT RT (x86)
	EndGlobalSection
	GlobalSection(SolutionProperties) = preSolution
		HideSolutionNode = FALSE
	EndGlobalSection
	GlobalSection(ExtensibilityGlobals) = postSolution
		SolutionGuid = {A20E6C78-4CCC-47F6-B9F2-761620A21C46}
	EndGlobalSection
EndGlobal
